
Microsoft Visual Studio Solution File, Format Version 12.00
# Visual Studio Version 17
VisualStudioVersion = 17.0.31903.59
MinimumVisualStudioVersion = 10.0.40219.1
Project("{FAE04EC0-301F-11D3-BF4B-00C04F79EFBC}") = "ClientApp", "ClientApp\ClientApp.csproj", "{414981BC-C98C-4E82-9371-84E77D817460}"
EndProject
Project("{FAE04EC0-301F-11D3-BF4B-00C04F79EFBC}") = "ServerApp", "ServerApp\ServerApp.csproj", "{DAB3A72A-E544-490F-9EDC-960A7440C05B}"
EndProject
Global
	GlobalSection(SolutionConfigurationPlatforms) = preSolution
		Debug|Any CPU = Debug|Any CPU
		Debug|x64 = Debug|x64
		Debug|x86 = Debug|x86
		Release|Any CPU = Release|Any CPU
		Release|x64 = Release|x64
		Release|x86 = Release|x86
	EndGlobalSection
	GlobalSection(ProjectConfigurationPlatforms) = postSolution
		{414981BC-C98C-4E82-9371-84E77D817460}.Debug|Any CPU.ActiveCfg = Debug|Any CPU
		{414981BC-C98C-4E82-9371-84E77D817460}.Debug|Any CPU.Build.0 = Debug|Any CPU
		{414981BC-C98C-4E82-9371-84E77D817460}.Debug|x64.ActiveCfg = Debug|Any CPU
		{414981BC-C98C-4E82-9371-84E77D817460}.Debug|x64.Build.0 = Debug|Any CPU
		{414981BC-C98C-4E82-9371-84E77D817460}.Debug|x86.ActiveCfg = Debug|Any CPU
		{414981BC-C98C-4E82-9371-84E77D817460}.Debug|x86.Build.0 = Debug|Any CPU
		{414981BC-C98C-4E82-9371-84E77D817460}.Release|Any CPU.ActiveCfg = Release|Any CPU
		{414981BC-C98C-4E82-9371-84E77D817460}.Release|Any CPU.Build.0 = Release|Any CPU
		{414981BC-C98C-4E82-9371-84E77D817460}.Release|x64.ActiveCfg = Release|Any CPU
		{414981BC-C98C-4E82-9371-84E77D817460}.Release|x64.Build.0 = Release|Any CPU
		{414981BC-C98C-4E82-9371-84E77D817460}.Release|x86.ActiveCfg = Release|Any CPU
		{414981BC-C98C-4E82-9371-84E77D817460}.Release|x86.Build.0 = Release|Any CPU
		{DAB3A72A-E544-490F-9EDC-960A7440C05B}.Debug|Any CPU.ActiveCfg = Debug|Any CPU
		{DAB3A72A-E544-490F-9EDC-960A7440C05B}.Debug|Any CPU.Build.0 = Debug|Any CPU
		{DAB3A72A-E544-490F-9EDC-960A7440C05B}.Debug|x64.ActiveCfg = Debug|Any CPU
		{DAB3A72A-E544-490F-9EDC-960A7440C05B}.Debug|x64.Build.0 = Debug|Any CPU
		{DAB3A72A-E544-490F-9EDC-960A7440C05B}.Debug|x86.ActiveCfg = Debug|Any CPU
		{DAB3A72A-E544-490F-9EDC-960A7440C05B}.Debug|x86.Build.0 = Debug|Any CPU
		{DAB3A72A-E544-490F-9EDC-960A7440C05B}.Release|Any CPU.ActiveCfg = Release|Any CPU
		{DAB3A72A-E544-490F-9EDC-960A7440C05B}.Release|Any CPU.Build.0 = Release|Any CPU
		{DAB3A72A-E544-490F-9EDC-960A7440C05B}.Release|x64.ActiveCfg = Release|Any CPU
		{DAB3A72A-E544-490F-9EDC-960A7440C05B}.Release|x64.Build.0 = Release|Any CPU
		{DAB3A72A-E544-490F-9EDC-960A7440C05B}.Release|x86.ActiveCfg = Release|Any CPU
		{DAB3A72A-E544-490F-9EDC-960A7440C05B}.Release|x86.Build.0 = Release|Any CPU
	EndGlobalSection
	GlobalSection(SolutionProperties) = preSolution
		HideSolutionNode = FALSE
	EndGlobalSection
EndGlobal
